
Microsoft Visual Studio Solution File, Format Version 12.00
# Visual Studio Version 17
VisualStudioVersion = 17.0.31912.275
MinimumVisualStudioVersion = 10.0.40219.1
Project("{FAE04EC0-301F-11D3-BF4B-00C04F79EFBC}") = "WebApplication3", "WebApplication3.csproj", "{B54CA168-56E3-424C-9102-983F55FFEFB9}"
EndProject
Global
	GlobalSection(SolutionConfigurationPlatforms) = preSolution
		Debug|Any CPU = Debug|Any CPU
		Release|Any CPU = Release|Any CPU
	EndGlobalSection
	GlobalSection(ProjectConfigurationPlatforms) = postSolution
		{B54CA168-56E3-424C-9102-983F55FFEFB9}.Debug|Any CPU.ActiveCfg = Debug|Any CPU
		{B54CA168-56E3-424C-9102-983F55FFEFB9}.Debug|Any CPU.Build.0 = Debug|Any CPU
		{B54CA168-56E3-424C-9102-983F55FFEFB9}.Release|Any CPU.ActiveCfg = Release|Any CPU
		{B54CA168-56E3-424C-9102-983F55FFEFB9}.Release|Any CPU.Build.0 = Release|Any CPU
	EndGlobalSection
	GlobalSection(SolutionProperties) = preSolution
		HideSolutionNode = FALSE
	EndGlobalSection
	GlobalSection(ExtensibilityGlobals) = postSolution
		SolutionGuid = {B3FE6D8E-03BE-463D-BB57-9FB9BD71A96D}
	EndGlobalSection
EndGlobal
